
Microsoft Visual Studio Solution File, Format Version 12.00
# Visual Studio Version 16
VisualStudioVersion = 16.0.31624.102
MinimumVisualStudioVersion = 10.0.40219.1
Project("{FAE04EC0-301F-11D3-BF4B-00C04F79EFBC}") = "MvcMovie", "MvcMovie\MvcMovie.csproj", "{F052FEF0-57A8-418E-8545-C603409EDDF8}"
EndProject
Global
	GlobalSection(SolutionConfigurationPlatforms) = preSolution
		Debug|Any CPU = Debug|Any CPU
		Release|Any CPU = Release|Any CPU
	EndGlobalSection
	GlobalSection(ProjectConfigurationPlatforms) = postSolution
		{F052FEF0-57A8-418E-8545-C603409EDDF8}.Debug|Any CPU.ActiveCfg = Debug|Any CPU
		{F052FEF0-57A8-418E-8545-C603409EDDF8}.Debug|Any CPU.Build.0 = Debug|Any CPU
		{F052FEF0-57A8-418E-8545-C603409EDDF8}.Release|Any CPU.ActiveCfg = Release|Any CPU
		{F052FEF0-57A8-418E-8545-C603409EDDF8}.Release|Any CPU.Build.0 = Release|Any CPU
	EndGlobalSection
	GlobalSection(SolutionProperties) = preSolution
		HideSolutionNode = FALSE
	EndGlobalSection
	GlobalSection(ExtensibilityGlobals) = postSolution
		SolutionGuid = {045CD7BC-0B01-4E74-8C0C-24F85CB7E234}
	EndGlobalSection
EndGlobal
